
Microsoft Visual Studio Solution File, Format Version 11.00
# Visual Studio 2010
Project("{2150E333-8FDC-42A3-9474-1A3956D46DE8}") = "CommonLib", "CommonLib", "{586C99B3-09B2-44E4-9A80-DCFF4880CCBC}"
EndProject
Project("{8BC9CEB8-8B4A-11D0-8D11-00A0C91BC942}") = "DataBaseLib", "CommonLib\DataBaseLib\DataBaseLib.vcxproj", "{EA0A4EF6-336E-40AD-8C7C-F93C0581057C}"
EndProject
Project("{8BC9CEB8-8B4A-11D0-8D11-00A0C91BC942}") = "DataObjectMapLib", "CommonLib\DataObjectMapLib\DataObjectMapLib.vcxproj", "{10A8299D-CBAE-4C56-BEDA-6B15744B548B}"
EndProject
Project("{8BC9CEB8-8B4A-11D0-8D11-00A0C91BC942}") = "FactoryLib", "CommonLib\FactoryLib\FactoryLib.vcxproj", "{C064328A-E347-4058-A59F-7E4174ED161F}"
EndProject
Project("{8BC9CEB8-8B4A-11D0-8D11-00A0C91BC942}") = "ThreadPoolLib", "CommonLib\ThreadPoolLib\ThreadPoolLib.vcxproj", "{220E1F77-C2B1-4E88-97D6-F62E5775A8D5}"
EndProject
Project("{2150E333-8FDC-42A3-9474-1A3956D46DE8}") = "Include", "Include", "{BB5A3EDD-4FC0-4950-9194-16F7A1D4E8E5}"
EndProject
Project("{2150E333-8FDC-42A3-9474-1A3956D46DE8}") = "Common", "Common", "{4DBA3B20-F613-430B-99D8-80237A887ED6}"
	ProjectSection(SolutionItems) = preProject
		Include\Common\AutoLock.h = Include\Common\AutoLock.h
		Include\Common\Defined.h = Include\Common\Defined.h
		Include\Common\Message.h = Include\Common\Message.h
		Include\Common\Operation.h = Include\Common\Operation.h
	EndProjectSection
EndProject
Project("{8BC9CEB8-8B4A-11D0-8D11-00A0C91BC942}") = "SqliteLib", "CommonLib\SqliteLib\SqliteLib.vcxproj", "{D22AC681-8468-48EC-9CCD-F0F487D00B19}"
EndProject
Project("{8BC9CEB8-8B4A-11D0-8D11-00A0C91BC942}") = "Utill", "CommonLib\Utill\Utill.vcxproj", "{B8E60038-4FB7-4BF8-AB73-A6DFCF6E058F}"
EndProject
Project("{8BC9CEB8-8B4A-11D0-8D11-00A0C91BC942}") = "App", "App\App.vcxproj", "{56823BA6-EE70-4D3A-A609-C2D69365BB24}"
	ProjectSection(ProjectDependencies) = postProject
		{EA0A4EF6-336E-40AD-8C7C-F93C0581057C} = {EA0A4EF6-336E-40AD-8C7C-F93C0581057C}
	EndProjectSection
EndProject
Project("{8BC9CEB8-8B4A-11D0-8D11-00A0C91BC942}") = "SQLite", "CommonLib\SQLite\SQLite.vcxproj", "{D7DCF0BD-B84C-4B0C-9C83-D18FC1813549}"
EndProject
Project("{8BC9CEB8-8B4A-11D0-8D11-00A0C91BC942}") = "NotifyLib", "CommonLib\NotifyLib\NotifyLib.vcxproj", "{79F1DA74-6D90-479A-85D5-375ED706C816}"
EndProject
Global
	GlobalSection(SolutionConfigurationPlatforms) = preSolution
		Debug|Win32 = Debug|Win32
		Debug|x64 = Debug|x64
		Release|Win32 = Release|Win32
		Release|x64 = Release|x64
	EndGlobalSection
	GlobalSection(ProjectConfigurationPlatforms) = postSolution
		{EA0A4EF6-336E-40AD-8C7C-F93C0581057C}.Debug|Win32.ActiveCfg = Debug|Win32
		{EA0A4EF6-336E-40AD-8C7C-F93C0581057C}.Debug|Win32.Build.0 = Debug|Win32
		{EA0A4EF6-336E-40AD-8C7C-F93C0581057C}.Debug|x64.ActiveCfg = Debug|Win32
		{EA0A4EF6-336E-40AD-8C7C-F93C0581057C}.Debug|x64.Build.0 = Debug|Win32
		{EA0A4EF6-336E-40AD-8C7C-F93C0581057C}.Release|Win32.ActiveCfg = Release|Win32
		{EA0A4EF6-336E-40AD-8C7C-F93C0581057C}.Release|Win32.Build.0 = Release|Win32
		{EA0A4EF6-336E-40AD-8C7C-F93C0581057C}.Release|x64.ActiveCfg = Release|Win32
		{10A8299D-CBAE-4C56-BEDA-6B15744B548B}.Debug|Win32.ActiveCfg = Debug|Win32
		{10A8299D-CBAE-4C56-BEDA-6B15744B548B}.Debug|Win32.Build.0 = Debug|Win32
		{10A8299D-CBAE-4C56-BEDA-6B15744B548B}.Debug|x64.ActiveCfg = Debug|Win32
		{10A8299D-CBAE-4C56-BEDA-6B15744B548B}.Debug|x64.Build.0 = Debug|Win32
		{10A8299D-CBAE-4C56-BEDA-6B15744B548B}.Release|Win32.ActiveCfg = Release|Win32
		{10A8299D-CBAE-4C56-BEDA-6B15744B548B}.Release|Win32.Build.0 = Release|Win32
		{10A8299D-CBAE-4C56-BEDA-6B15744B548B}.Release|x64.ActiveCfg = Release|Win32
		{C064328A-E347-4058-A59F-7E4174ED161F}.Debug|Win32.ActiveCfg = Debug|Win32
		{C064328A-E347-4058-A59F-7E4174ED161F}.Debug|Win32.Build.0 = Debug|Win32
		{C064328A-E347-4058-A59F-7E4174ED161F}.Debug|x64.ActiveCfg = Debug|Win32
		{C064328A-E347-4058-A59F-7E4174ED161F}.Debug|x64.Build.0 = Debug|Win32
		{C064328A-E347-4058-A59F-7E4174ED161F}.Release|Win32.ActiveCfg = Release|Win32
		{C064328A-E347-4058-A59F-7E4174ED161F}.Release|Win32.Build.0 = Release|Win32
		{C064328A-E347-4058-A59F-7E4174ED161F}.Release|x64.ActiveCfg = Release|Win32
		{220E1F77-C2B1-4E88-97D6-F62E5775A8D5}.Debug|Win32.ActiveCfg = Debug|Win32
		{220E1F77-C2B1-4E88-97D6-F62E5775A8D5}.Debug|Win32.Build.0 = Debug|Win32
		{220E1F77-C2B1-4E88-97D6-F62E5775A8D5}.Debug|x64.ActiveCfg = Debug|Win32
		{220E1F77-C2B1-4E88-97D6-F62E5775A8D5}.Debug|x64.Build.0 = Debug|Win32
		{220E1F77-C2B1-4E88-97D6-F62E5775A8D5}.Release|Win32.ActiveCfg = Release|Win32
		{220E1F77-C2B1-4E88-97D6-F62E5775A8D5}.Release|Win32.Build.0 = Release|Win32
		{220E1F77-C2B1-4E88-97D6-F62E5775A8D5}.Release|x64.ActiveCfg = Release|Win32
		{D22AC681-8468-48EC-9CCD-F0F487D00B19}.Debug|Win32.ActiveCfg = Debug|Win32
		{D22AC681-8468-48EC-9CCD-F0F487D00B19}.Debug|Win32.Build.0 = Debug|Win32
		{D22AC681-8468-48EC-9CCD-F0F487D00B19}.Debug|x64.ActiveCfg = Debug|Win32
		{D22AC681-8468-48EC-9CCD-F0F487D00B19}.Debug|x64.Build.0 = Debug|Win32
		{D22AC681-8468-48EC-9CCD-F0F487D00B19}.Release|Win32.ActiveCfg = Release|Win32
		{D22AC681-8468-48EC-9CCD-F0F487D00B19}.Release|Win32.Build.0 = Release|Win32
		{D22AC681-8468-48EC-9CCD-F0F487D00B19}.Release|x64.ActiveCfg = Release|Win32
		{B8E60038-4FB7-4BF8-AB73-A6DFCF6E058F}.Debug|Win32.ActiveCfg = Debug|Win32
		{B8E60038-4FB7-4BF8-AB73-A6DFCF6E058F}.Debug|Win32.Build.0 = Debug|Win32
		{B8E60038-4FB7-4BF8-AB73-A6DFCF6E058F}.Debug|x64.ActiveCfg = Debug|Win32
		{B8E60038-4FB7-4BF8-AB73-A6DFCF6E058F}.Debug|x64.Build.0 = Debug|Win32
		{B8E60038-4FB7-4BF8-AB73-A6DFCF6E058F}.Release|Win32.ActiveCfg = Release|Win32
		{B8E60038-4FB7-4BF8-AB73-A6DFCF6E058F}.Release|Win32.Build.0 = Release|Win32
		{B8E60038-4FB7-4BF8-AB73-A6DFCF6E058F}.Release|x64.ActiveCfg = Release|x64
		{B8E60038-4FB7-4BF8-AB73-A6DFCF6E058F}.Release|x64.Build.0 = Release|x64
		{56823BA6-EE70-4D3A-A609-C2D69365BB24}.Debug|Win32.ActiveCfg = Debug|Win32
		{56823BA6-EE70-4D3A-A609-C2D69365BB24}.Debug|Win32.Build.0 = Debug|Win32
		{56823BA6-EE70-4D3A-A609-C2D69365BB24}.Debug|x64.ActiveCfg = Debug|Win32
		{56823BA6-EE70-4D3A-A609-C2D69365BB24}.Debug|x64.Build.0 = Debug|Win32
		{56823BA6-EE70-4D3A-A609-C2D69365BB24}.Release|Win32.ActiveCfg = Release|Win32
		{56823BA6-EE70-4D3A-A609-C2D69365BB24}.Release|Win32.Build.0 = Release|Win32
		{56823BA6-EE70-4D3A-A609-C2D69365BB24}.Release|x64.ActiveCfg = Release|Win32
		{D7DCF0BD-B84C-4B0C-9C83-D18FC1813549}.Debug|Win32.ActiveCfg = Debug|Win32
		{D7DCF0BD-B84C-4B0C-9C83-D18FC1813549}.Debug|Win32.Build.0 = Debug|Win32
		{D7DCF0BD-B84C-4B0C-9C83-D18FC1813549}.Debug|x64.ActiveCfg = Debug|x64
		{D7DCF0BD-B84C-4B0C-9C83-D18FC1813549}.Debug|x64.Build.0 = Debug|x64
		{D7DCF0BD-B84C-4B0C-9C83-D18FC1813549}.Release|Win32.ActiveCfg = Release|Win32
		{D7DCF0BD-B84C-4B0C-9C83-D18FC1813549}.Release|Win32.Build.0 = Release|Win32
		{D7DCF0BD-B84C-4B0C-9C83-D18FC1813549}.Release|x64.ActiveCfg = Release|x64
		{D7DCF0BD-B84C-4B0C-9C83-D18FC1813549}.Release|x64.Build.0 = Release|x64
		{79F1DA74-6D90-479A-85D5-375ED706C816}.Debug|Win32.ActiveCfg = Debug|Win32
		{79F1DA74-6D90-479A-85D5-375ED706C816}.Debug|Win32.Build.0 = Debug|Win32
		{79F1DA74-6D90-479A-85D5-375ED706C816}.Debug|x64.ActiveCfg = Debug|Win32
		{79F1DA74-6D90-479A-85D5-375ED706C816}.Release|Win32.ActiveCfg = Release|Win32
		{79F1DA74-6D90-479A-85D5-375ED706C816}.Release|Win32.Build.0 = Release|Win32
		{79F1DA74-6D90-479A-85D5-375ED706C816}.Release|x64.ActiveCfg = Release|Win32
	EndGlobalSection
	GlobalSection(SolutionProperties) = preSolution
		HideSolutionNode = FALSE
	EndGlobalSection
	GlobalSection(NestedProjects) = preSolution
		{EA0A4EF6-336E-40AD-8C7C-F93C0581057C} = {586C99B3-09B2-44E4-9A80-DCFF4880CCBC}
		{10A8299D-CBAE-4C56-BEDA-6B15744B548B} = {586C99B3-09B2-44E4-9A80-DCFF4880CCBC}
		{C064328A-E347-4058-A59F-7E4174ED161F} = {586C99B3-09B2-44E4-9A80-DCFF4880CCBC}
		{220E1F77-C2B1-4E88-97D6-F62E5775A8D5} = {586C99B3-09B2-44E4-9A80-DCFF4880CCBC}
		{D22AC681-8468-48EC-9CCD-F0F487D00B19} = {586C99B3-09B2-44E4-9A80-DCFF4880CCBC}
		{B8E60038-4FB7-4BF8-AB73-A6DFCF6E058F} = {586C99B3-09B2-44E4-9A80-DCFF4880CCBC}
		{D7DCF0BD-B84C-4B0C-9C83-D18FC1813549} = {586C99B3-09B2-44E4-9A80-DCFF4880CCBC}
		{79F1DA74-6D90-479A-85D5-375ED706C816} = {586C99B3-09B2-44E4-9A80-DCFF4880CCBC}
		{4DBA3B20-F613-430B-99D8-80237A887ED6} = {BB5A3EDD-4FC0-4950-9194-16F7A1D4E8E5}
	EndGlobalSection
EndGlobal
